PODS:
  - MultiPlatformLibrary (0.1.0)

DEPENDENCIES:
  - MultiPlatformLibrary (from `../mpp-library`)

EXTERNAL SOURCES:
  MultiPlatformLibrary:
    :path: "../mpp-library"

SPEC CHECKSUMS:
  MultiPlatformLibrary: 176fb8ade516666cd47e93de1b71ba0441a541bb

PODFILE CHECKSUM: 63b5ed76cdbb03444075658b711a30de4d225fc7

COCOAPODS: 1.8.3
